
Microsoft Visual Studio Solution File, Format Version 12.00
# Visual Studio Version 17
VisualStudioVersion = 17.0.32126.317
MinimumVisualStudioVersion = 10.0.40219.1
Project("{FAE04EC0-301F-11D3-BF4B-00C04F79EFBC}") = "AMONGUS", "bussinestour\AMONGUS.csproj", "{649FAC20-EB4D-415A-BC3B-E188CAB9B811}"
EndProject
Global
	GlobalSection(SolutionConfigurationPlatforms) = preSolution
		Debug|Any CPU = Debug|Any CPU
		Release|Any CPU = Release|Any CPU
	EndGlobalSection
	GlobalSection(ProjectConfigurationPlatforms) = postSolution
		{649FAC20-EB4D-415A-BC3B-E188CAB9B811}.Debug|Any CPU.ActiveCfg = Debug|Any CPU
		{649FAC20-EB4D-415A-BC3B-E188CAB9B811}.Debug|Any CPU.Build.0 = Debug|Any CPU
		{649FAC20-EB4D-415A-BC3B-E188CAB9B811}.Release|Any CPU.ActiveCfg = Release|Any CPU
		{649FAC20-EB4D-415A-BC3B-E188CAB9B811}.Release|Any CPU.Build.0 = Release|Any CPU
	EndGlobalSection
	GlobalSection(SolutionProperties) = preSolution
		HideSolutionNode = FALSE
	EndGlobalSection
	GlobalSection(ExtensibilityGlobals) = postSolution
		SolutionGuid = {A9CC54D3-F311-4156-AC7F-28AF79F37895}
	EndGlobalSection
EndGlobal
